{
  "name": "app-design-rn-examples",
  "version": "1.0.0",
  "lockfileVersion": 1,
  "requires": true,
  "dependencies": {
    "app-design-rn": {
      "version": "0.0.1",
      "resolved": "http://npm.caimi-inc.com/app-design-rn/-/app-design-rn-0.0.1.tgz",
      "integrity": "sha512-c0vT2fzWBbCUjD74GVVzkq4Ys2Js4YSoRaQqFGOTNcUIoTHi+6EHdwiXXmDY7sNCE1uW5NRrAeB7TOTsLLHvlg=="
    }
  }
}
